
Microsoft Visual Studio Solution File, Format Version 12.00
# Visual Studio Version 16
VisualStudioVersion = 16.0.32106.194
MinimumVisualStudioVersion = 10.0.40219.1
Project("{FAE04EC0-301F-11D3-BF4B-00C04F79EFBC}") = "Todo", "Todo\Todo.csproj", "{CA88C7BD-18F4-4946-8747-195F0FB3E520}"
EndProject
Global
	GlobalSection(SolutionConfigurationPlatforms) = preSolution
		Debug|Any CPU = Debug|Any CPU
		Release|Any CPU = Release|Any CPU
	EndGlobalSection
	GlobalSection(ProjectConfigurationPlatforms) = postSolution
		{CA88C7BD-18F4-4946-8747-195F0FB3E520}.Debug|Any CPU.ActiveCfg = Debug|Any CPU
		{CA88C7BD-18F4-4946-8747-195F0FB3E520}.Debug|Any CPU.Build.0 = Debug|Any CPU
		{CA88C7BD-18F4-4946-8747-195F0FB3E520}.Release|Any CPU.ActiveCfg = Release|Any CPU
		{CA88C7BD-18F4-4946-8747-195F0FB3E520}.Release|Any CPU.Build.0 = Release|Any CPU
	EndGlobalSection
	GlobalSection(SolutionProperties) = preSolution
		HideSolutionNode = FALSE
	EndGlobalSection
	GlobalSection(ExtensibilityGlobals) = postSolution
		SolutionGuid = {75584E03-9B3D-45FB-8EB7-76F4BF9CBB1F}
	EndGlobalSection
EndGlobal
